
Microsoft Visual Studio Solution File, Format Version 12.00
# Visual Studio Version 17
VisualStudioVersion = 17.11.35327.3
MinimumVisualStudioVersion = 10.0.40219.1
Project("{FAE04EC0-301F-11D3-BF4B-00C04F79EFBC}") = "ConvertirJson", "ConvertirJson\ConvertirJson.csproj", "{83087A9C-4A6D-4DC9-917D-D73330C134F2}"
EndProject
Global
	GlobalSection(SolutionConfigurationPlatforms) = preSolution
		Debug|Any CPU = Debug|Any CPU
		Release|Any CPU = Release|Any CPU
	EndGlobalSection
	GlobalSection(ProjectConfigurationPlatforms) = postSolution
		{83087A9C-4A6D-4DC9-917D-D73330C134F2}.Debug|Any CPU.ActiveCfg = Debug|Any CPU
		{83087A9C-4A6D-4DC9-917D-D73330C134F2}.Debug|Any CPU.Build.0 = Debug|Any CPU
		{83087A9C-4A6D-4DC9-917D-D73330C134F2}.Release|Any CPU.ActiveCfg = Release|Any CPU
		{83087A9C-4A6D-4DC9-917D-D73330C134F2}.Release|Any CPU.Build.0 = Release|Any CPU
	EndGlobalSection
	GlobalSection(SolutionProperties) = preSolution
		HideSolutionNode = FALSE
	EndGlobalSection
	GlobalSection(ExtensibilityGlobals) = postSolution
		SolutionGuid = {39120716-F949-48C0-ADD4-4390B2C32D04}
	EndGlobalSection
EndGlobal
